
Microsoft Visual Studio Solution File, Format Version 12.00
# Visual Studio Version 16
VisualStudioVersion = 16.0.31702.278
MinimumVisualStudioVersion = 10.0.40219.1
Project("{FAE04EC0-301F-11D3-BF4B-00C04F79EFBC}") = "JobBoard", "JobBoard.csproj", "{D6E224AB-8A5B-40C7-96AE-0BDB9329039B}"
EndProject
Global
	GlobalSection(SolutionConfigurationPlatforms) = preSolution
		Debug|Any CPU = Debug|Any CPU
		Release|Any CPU = Release|Any CPU
	EndGlobalSection
	GlobalSection(ProjectConfigurationPlatforms) = postSolution
		{D6E224AB-8A5B-40C7-96AE-0BDB9329039B}.Debug|Any CPU.ActiveCfg = Debug|Any CPU
		{D6E224AB-8A5B-40C7-96AE-0BDB9329039B}.Debug|Any CPU.Build.0 = Debug|Any CPU
		{D6E224AB-8A5B-40C7-96AE-0BDB9329039B}.Release|Any CPU.ActiveCfg = Release|Any CPU
		{D6E224AB-8A5B-40C7-96AE-0BDB9329039B}.Release|Any CPU.Build.0 = Release|Any CPU
	EndGlobalSection
	GlobalSection(SolutionProperties) = preSolution
		HideSolutionNode = FALSE
	EndGlobalSection
	GlobalSection(ExtensibilityGlobals) = postSolution
		SolutionGuid = {88964B75-4A81-4F7E-BC08-A624EBDABFFD}
	EndGlobalSection
EndGlobal
